
Microsoft Visual Studio Solution File, Format Version 12.00
# Visual Studio Version 17
VisualStudioVersion = 17.7.34031.279
MinimumVisualStudioVersion = 10.0.40219.1
Project("{888888A0-9F3D-457C-B088-3A5042F75D52}") = "PythonApplication1", "PythonApplication1.pyproj", "{A8DD03F9-84DF-4DCC-9B1F-9424B4E0A109}"
EndProject
Global
	GlobalSection(SolutionConfigurationPlatforms) = preSolution
		Debug|Any CPU = Debug|Any CPU
		Release|Any CPU = Release|Any CPU
	EndGlobalSection
	GlobalSection(ProjectConfigurationPlatforms) = postSolution
		{A8DD03F9-84DF-4DCC-9B1F-9424B4E0A109}.Debug|Any CPU.ActiveCfg = Debug|Any CPU
		{A8DD03F9-84DF-4DCC-9B1F-9424B4E0A109}.Release|Any CPU.ActiveCfg = Release|Any CPU
	EndGlobalSection
	GlobalSection(SolutionProperties) = preSolution
		HideSolutionNode = FALSE
	EndGlobalSection
	GlobalSection(ExtensibilityGlobals) = postSolution
		SolutionGuid = {5F469F9F-272C-49E8-91FC-D014C3B5C7EE}
	EndGlobalSection
EndGlobal
